// !$*UTF8*$!
{
	archiveVersion = 1;
	classes = {
	};
	objectVersion = 46;
	objects = {

/* Begin PBXBuildFile section */
		5F0DF9EC1C1100CA003B404F /* main.cpp in Sources */ = {isa = PBXBuildFile; fileRef = 5F0DF9EB1C1100CA003B404F /* main.cpp */; };
		5F0DF9F41C1101AC003B404F /* quick_sort.cpp in Sources */ = {isa = PBXBuildFile; fileRef = 5F0DF9F21C1101AC003B404F /* quick_sort.cpp */; };
		5F0DF9F61C1118BF003B404F /* quick_sort.cpp in Sources */ = {isa = PBXBuildFile; fileRef = 5F0DF9F21C1101AC003B404F /* quick_sort.cpp */; };
/* End PBXBuildFile section */

/* Begin PBXCopyFilesBuildPhase section */
		5F0DF9E71C1100CA003B404F /* CopyFiles */ = {
			isa = PBXCopyFilesBuildPhase;
			buildActionMask = 2147483647;
			dstPath = /usr/share/man/man1/;
			dstSubfolderSpec = 0;
			files = (
			);
			runOnlyForDeploymentPostprocessing = 1;
		};
		5F62E5C11C0EB8580059274B /* CopyFiles */ = {
			isa = PBXCopyFilesBuildPhase;
			buildActionMask = 2147483647;
			dstPath = /usr/share/man/man1/;
			dstSubfolderSpec = 0;
			files = (
			);
			runOnlyForDeploymentPostprocessing = 1;
		};
/* End PBXCopyFilesBuildPhase section */

/* Begin PBXFileReference section */
		5F0DF9E91C1100CA003B404F /* test_project */ = {isa = PBXFileReference; explicitFileType = "compiled.mach-o.executable"; includeInIndex = 0; path = test_project; sourceTree = BUILT_PRODUCTS_DIR; };
		5F0DF9EB1C1100CA003B404F /* main.cpp */ = {isa = PBXFileReference; lastKnownFileType = sourcecode.cpp.cpp; path = main.cpp; sourceTree = "<group>"; };
		5F0DF9F01C1100DC003B404F /* catch.hpp */ = {isa = PBXFileReference; fileEncoding = 4; lastKnownFileType = sourcecode.cpp.h; path = catch.hpp; sourceTree = "<group>"; };
		5F0DF9F11C110179003B404F /* QuickSort.txt */ = {isa = PBXFileReference; lastKnownFileType = text; path = QuickSort.txt; sourceTree = "<group>"; };
		5F0DF9F21C1101AC003B404F /* quick_sort.cpp */ = {isa = PBXFileReference; fileEncoding = 4; lastKnownFileType = sourcecode.cpp.cpp; path = quick_sort.cpp; sourceTree = "<group>"; };
		5F0DF9F31C1101AC003B404F /* quick_sort.h */ = {isa = PBXFileReference; fileEncoding = 4; lastKnownFileType = sourcecode.c.h; path = quick_sort.h; sourceTree = "<group>"; };
		5F0DF9F51C111891003B404F /* test1.txt */ = {isa = PBXFileReference; fileEncoding = 4; lastKnownFileType = text; path = test1.txt; sourceTree = "<group>"; };
		5F0DF9F71C111D95003B404F /* test2.txt */ = {isa = PBXFileReference; fileEncoding = 4; lastKnownFileType = text; path = test2.txt; sourceTree = "<group>"; };
		5F0DF9F81C1120C9003B404F /* test3.txt */ = {isa = PBXFileReference; fileEncoding = 4; lastKnownFileType = text; path = test3.txt; sourceTree = "<group>"; };
		5F0DF9F91C112435003B404F /* test4.txt */ = {isa = PBXFileReference; fileEncoding = 4; lastKnownFileType = text; path = test4.txt; sourceTree = "<group>"; };
		5F62E5C31C0EB8580059274B /* coursera_week2 */ = {isa = PBXFileReference; explicitFileType = "compiled.mach-o.executable"; includeInIndex = 0; path = coursera_week2; sourceTree = BUILT_PRODUCTS_DIR; };
/* End PBXFileReference section */

/* Begin PBXFrameworksBuildPhase section */
		5F0DF9E61C1100CA003B404F /* Frameworks */ = {
			isa = PBXFrameworksBuildPhase;
			buildActionMask = 2147483647;
			files = (
			);
			runOnlyForDeploymentPostprocessing = 0;
		};
		5F62E5C01C0EB8580059274B /* Frameworks */ = {
			isa = PBXFrameworksBuildPhase;
			buildActionMask = 2147483647;
			files = (
			);
			runOnlyForDeploymentPostprocessing = 0;
		};
/* End PBXFrameworksBuildPhase section */

/* Begin PBXGroup section */
		5F0DF9EA1C1100CA003B404F /* test_project */ = {
			isa = PBXGroup;
			children = (
				5F0DF9F11C110179003B404F /* QuickSort.txt */,
				5F0DF9F01C1100DC003B404F /* catch.hpp */,
				5F0DF9EB1C1100CA003B404F /* main.cpp */,
				5F0DF9F51C111891003B404F /* test1.txt */,
				5F0DF9F71C111D95003B404F /* test2.txt */,
				5F0DF9F81C1120C9003B404F /* test3.txt */,
				5F0DF9F91C112435003B404F /* test4.txt */,
			);
			path = test_project;
			sourceTree = "<group>";
		};
		5F62E5BA1C0EB8580059274B = {
			isa = PBXGroup;
			children = (
				5F62E5C51C0EB8580059274B /* coursera_week2 */,
				5F0DF9EA1C1100CA003B404F /* test_project */,
				5F62E5C41C0EB8580059274B /* Products */,
			);
			sourceTree = "<group>";
		};
		5F62E5C41C0EB8580059274B /* Products */ = {
			isa = PBXGroup;
			children = (
				5F62E5C31C0EB8580059274B /* coursera_week2 */,
				5F0DF9E91C1100CA003B404F /* test_project */,
			);
			name = Products;
			sourceTree = "<group>";
		};
		5F62E5C51C0EB8580059274B /* coursera_week2 */ = {
			isa = PBXGroup;
			children = (
				5F0DF9F21C1101AC003B404F /* quick_sort.cpp */,
				5F0DF9F31C1101AC003B404F /* quick_sort.h */,
			);
			path = coursera_week2;
			sourceTree = "<group>";
		};
/* End PBXGroup section */

/* Begin PBXNativeTarget section */
		5F0DF9E81C1100CA003B404F /* test_project */ = {
			isa = PBXNativeTarget;
			buildConfigurationList = 5F0DF9EF1C1100CA003B404F /* Build configuration list for PBXNativeTarget "test_project" */;
			buildPhases = (
				5F0DF9E51C1100CA003B404F /* Sources */,
				5F0DF9E61C1100CA003B404F /* Frameworks */,
				5F0DF9E71C1100CA003B404F /* CopyFiles */,
			);
			buildRules = (
			);
			dependencies = (
			);
			name = test_project;
			productName = test_project;
			productReference = 5F0DF9E91C1100CA003B404F /* test_project */;
			productType = "com.apple.product-type.tool";
		};
		5F62E5C21C0EB8580059274B /* coursera_week2 */ = {
			isa = PBXNativeTarget;
			buildConfigurationList = 5F62E5CA1C0EB8580059274B /* Build configuration list for PBXNativeTarget "coursera_week2" */;
			buildPhases = (
				5F62E5BF1C0EB8580059274B /* Sources */,
				5F62E5C01C0EB8580059274B /* Frameworks */,
				5F62E5C11C0EB8580059274B /* CopyFiles */,
			);
			buildRules = (
			);
			dependencies = (
			);
			name = coursera_week2;
			productName = coursera_week2;
			productReference = 5F62E5C31C0EB8580059274B /* coursera_week2 */;
			productType = "com.apple.product-type.tool";
		};
/* End PBXNativeTarget section */

/* Begin PBXProject section */
		5F62E5BB1C0EB8580059274B /* Project object */ = {
			isa = PBXProject;
			attributes = {
				LastUpgradeCheck = 0710;
				ORGANIZATIONNAME = "安田洋介";
				TargetAttributes = {
					5F0DF9E81C1100CA003B404F = {
						CreatedOnToolsVersion = 7.1.1;
					};
					5F62E5C21C0EB8580059274B = {
						CreatedOnToolsVersion = 7.1.1;
					};
				};
			};
			buildConfigurationList = 5F62E5BE1C0EB8580059274B /* Build configuration list for PBXProject "coursera_week2" */;
			compatibilityVersion = "Xcode 3.2";
			developmentRegion = English;
			hasScannedForEncodings = 0;
			knownRegions = (
				en,
			);
			mainGroup = 5F62E5BA1C0EB8580059274B;
			productRefGroup = 5F62E5C41C0EB8580059274B /* Products */;
			projectDirPath = "";
			projectRoot = "";
			targets = (
				5F62E5C21C0EB8580059274B /* coursera_week2 */,
				5F0DF9E81C1100CA003B404F /* test_project */,
			);
		};
/* End PBXProject section */

/* Begin PBXSourcesBuildPhase section */
		5F0DF9E51C1100CA003B404F /* Sources */ = {
			isa = PBXSourcesBuildPhase;
			buildActionMask = 2147483647;
			files = (
				5F0DF9EC1C1100CA003B404F /* main.cpp in Sources */,
				5F0DF9F61C1118BF003B404F /* quick_sort.cpp in Sources */,
			);
			runOnlyForDeploymentPostprocessing = 0;
		};
		5F62E5BF1C0EB8580059274B /* Sources */ = {
			isa = PBXSourcesBuildPhase;
			buildActionMask = 2147483647;
			files = (
				5F0DF9F41C1101AC003B404F /* quick_sort.cpp in Sources */,
			);
			runOnlyForDeploymentPostprocessing = 0;
		};
/* End PBXSourcesBuildPhase section */

/* Begin XCBuildConfiguration section */
		5F0DF9ED1C1100CA003B404F /* Debug */ = {
			isa = XCBuildConfiguration;
			buildSettings = {
				PRODUCT_NAME = "$(TARGET_NAME)";
			};
			name = Debug;
		};
		5F0DF9EE1C1100CA003B404F /* Release */ = {
			isa = XCBuildConfiguration;
			buildSettings = {
				PRODUCT_NAME = "$(TARGET_NAME)";
			};
			name = Release;
		};
		5F62E5C81C0EB8580059274B /* Debug */ = {
			isa = XCBuildConfiguration;
			buildSettings = {
				ALWAYS_SEARCH_USER_PATHS = NO;
				CLANG_CXX_LANGUAGE_STANDARD = "gnu++0x";
				CLANG_CXX_LIBRARY = "libc++";
				CLANG_ENABLE_MODULES = YES;
				CLANG_ENABLE_OBJC_ARC = YES;
				CLANG_WARN_BOOL_CONVERSION = YES;
				CLANG_WARN_CONSTANT_CONVERSION = YES;
				CLANG_WARN_DIRECT_OBJC_ISA_USAGE = YES_ERROR;
				CLANG_WARN_EMPTY_BODY = YES;
				CLANG_WARN_ENUM_CONVERSION = YES;
				CLANG_WARN_INT_CONVERSION = YES;
				CLANG_WARN_OBJC_ROOT_CLASS = YES_ERROR;
				CLANG_WARN_UNREACHABLE_CODE = YES;
				CLANG_WARN__DUPLICATE_METHOD_MATCH = YES;
				CODE_SIGN_IDENTITY = "-";
				COPY_PHASE_STRIP = NO;
				DEBUG_INFORMATION_FORMAT = dwarf;
				ENABLE_STRICT_OBJC_MSGSEND = YES;
				ENABLE_TESTABILITY = YES;
				GCC_C_LANGUAGE_STANDARD = gnu99;
				GCC_DYNAMIC_NO_PIC = NO;
				GCC_NO_COMMON_BLOCKS = YES;
				GCC_OPTIMIZATION_LEVEL = 0;
				GCC_PREPROCESSOR_DEFINITIONS = (
					"DEBUG=1",
					"$(inherited)",
				);
				GCC_WARN_64_TO_32_BIT_CONVERSION = YES;
				GCC_WARN_ABOUT_RETURN_TYPE = YES_ERROR;
				GCC_WARN_UNDECLARED_SELECTOR = YES;
				GCC_WARN_UNINITIALIZED_AUTOS = YES_AGGRESSIVE;
				GCC_WARN_UNUSED_FUNCTION = YES;
				GCC_WARN_UNUSED_VARIABLE = YES;
				MACOSX_DEPLOYMENT_TARGET = 10.10;
				MTL_ENABLE_DEBUG_INFO = YES;
				ONLY_ACTIVE_ARCH = YES;
				SDKROOT = macosx;
			};
			name = Debug;
		};
		5F62E5C91C0EB8580059274B /* Release */ = {
			isa = XCBuildConfiguration;
			buildSettings = {
				ALWAYS_SEARCH_USER_PATHS = NO;
				CLANG_CXX_LANGUAGE_STANDARD = "gnu++0x";
				CLANG_CXX_LIBRARY = "libc++";
				CLANG_ENABLE_MODULES = YES;
				CLANG_ENABLE_OBJC_ARC = YES;
				CLANG_WARN_BOOL_CONVERSION = YES;
				CLANG_WARN_CONSTANT_CONVERSION = YES;
				CLANG_WARN_DIRECT_OBJC_ISA_USAGE = YES_ERROR;
				CLANG_WARN_EMPTY_BODY = YES;
				CLANG_WARN_ENUM_CONVERSION = YES;
				CLANG_WARN_INT_CONVERSION = YES;
				CLANG_WARN_OBJC_ROOT_CLASS = YES_ERROR;
				CLANG_WARN_UNREACHABLE_CODE = YES;
				CLANG_WARN__DUPLICATE_METHOD_MATCH = YES;
				CODE_SIGN_IDENTITY = "-";
				COPY_PHASE_STRIP = NO;
				DEBUG_INFORMATION_FORMAT = "dwarf-with-dsym";
				ENABLE_NS_ASSERTIONS = NO;
				ENABLE_STRICT_OBJC_MSGSEND = YES;
				GCC_C_LANGUAGE_STANDARD = gnu99;
				GCC_NO_COMMON_BLOCKS = YES;
				GCC_WARN_64_TO_32_BIT_CONVERSION = YES;
				GCC_WARN_ABOUT_RETURN_TYPE = YES_ERROR;
				GCC_WARN_UNDECLARED_SELECTOR = YES;
				GCC_WARN_UNINITIALIZED_AUTOS = YES_AGGRESSIVE;
				GCC_WARN_UNUSED_FUNCTION = YES;
				GCC_WARN_UNUSED_VARIABLE = YES;
				MACOSX_DEPLOYMENT_TARGET = 10.10;
				MTL_ENABLE_DEBUG_INFO = NO;
				SDKROOT = macosx;
			};
			name = Release;
		};
		5F62E5CB1C0EB8580059274B /* Debug */ = {
			isa = XCBuildConfiguration;
			buildSettings = {
				PRODUCT_NAME = "$(TARGET_NAME)";
			};
			name = Debug;
		};
		5F62E5CC1C0EB8580059274B /* Release */ = {
			isa = XCBuildConfiguration;
			buildSettings = {
				PRODUCT_NAME = "$(TARGET_NAME)";
			};
			name = Release;
		};
/* End XCBuildConfiguration section */

/* Begin XCConfigurationList section */
		5F0DF9EF1C1100CA003B404F /* Build configuration list for PBXNativeTarget "test_project" */ = {
			isa = XCConfigurationList;
			buildConfigurations = (
				5F0DF9ED1C1100CA003B404F /* Debug */,
				5F0DF9EE1C1100CA003B404F /* Release */,
			);
			defaultConfigurationIsVisible = 0;
		};
		5F62E5BE1C0EB8580059274B /* Build configuration list for PBXProject "coursera_week2" */ = {
			isa = XCConfigurationList;
			buildConfigurations = (
				5F62E5C81C0EB8580059274B /* Debug */,
				5F62E5C91C0EB8580059274B /* Release */,
			);
			defaultConfigurationIsVisible = 0;
			defaultConfigurationName = Release;
		};
		5F62E5CA1C0EB8580059274B /* Build configuration list for PBXNativeTarget "coursera_week2" */ = {
			isa = XCConfigurationList;
			buildConfigurations = (
				5F62E5CB1C0EB8580059274B /* Debug */,
				5F62E5CC1C0EB8580059274B /* Release */,
			);
			defaultConfigurationIsVisible = 0;
			defaultConfigurationName = Release;
		};
/* End XCConfigurationList section */
	};
	rootObject = 5F62E5BB1C0EB8580059274B /* Project object */;
}
